
Microsoft Visual Studio Solution File, Format Version 12.00
# Visual Studio Version 17
VisualStudioVersion = 17.1.32228.430
MinimumVisualStudioVersion = 10.0.40219.1
Project("{FAE04EC0-301F-11D3-BF4B-00C04F79EFBC}") = "Lab2", "Lab2\Lab2.csproj", "{3DC4A8E9-477F-4CD8-9F39-AE0D7DA44392}"
EndProject
Global
	GlobalSection(SolutionConfigurationPlatforms) = preSolution
		Debug|Any CPU = Debug|Any CPU
		Release|Any CPU = Release|Any CPU
	EndGlobalSection
	GlobalSection(ProjectConfigurationPlatforms) = postSolution
		{3DC4A8E9-477F-4CD8-9F39-AE0D7DA44392}.Debug|Any CPU.ActiveCfg = Debug|Any CPU
		{3DC4A8E9-477F-4CD8-9F39-AE0D7DA44392}.Debug|Any CPU.Build.0 = Debug|Any CPU
		{3DC4A8E9-477F-4CD8-9F39-AE0D7DA44392}.Release|Any CPU.ActiveCfg = Release|Any CPU
		{3DC4A8E9-477F-4CD8-9F39-AE0D7DA44392}.Release|Any CPU.Build.0 = Release|Any CPU
	EndGlobalSection
	GlobalSection(SolutionProperties) = preSolution
		HideSolutionNode = FALSE
	EndGlobalSection
	GlobalSection(ExtensibilityGlobals) = postSolution
		SolutionGuid = {23D1A84F-FF6C-4E57-AAB2-64347BA4D2EA}
	EndGlobalSection
EndGlobal
